// !$*UTF8*$!
{
	archiveVersion = 1;
	classes = {
	};
	objectVersion = 46;
	objects = {

/* Begin PBXBuildFile section */
		396ABC3F1CC2957F008E4C12 /* AppDelegate.swift in Sources */ = {isa = PBXBuildFile; fileRef = 396ABC3E1CC2957F008E4C12 /* AppDelegate.swift */; };
		396ABC411CC2957F008E4C12 /* ViewController.swift in Sources */ = {isa = PBXBuildFile; fileRef = 396ABC401CC2957F008E4C12 /* ViewController.swift */; };
		396ABC441CC2957F008E4C12 /* Main.storyboard in Resources */ = {isa = PBXBuildFile; fileRef = 396ABC421CC2957F008E4C12 /* Main.storyboard */; };
		396ABC461CC2957F008E4C12 /* Assets.xcassets in Resources */ = {isa = PBXBuildFile; fileRef = 396ABC451CC2957F008E4C12 /* Assets.xcassets */; };
		396ABC491CC2957F008E4C12 /* LaunchScreen.storyboard in Resources */ = {isa = PBXBuildFile; fileRef = 396ABC471CC2957F008E4C12 /* LaunchScreen.storyboard */; };
/* End PBXBuildFile section */

/* Begin PBXFileReference section */
		396ABC3B1CC2957F008E4C12 /* VelaiaFacegram.app */ = {isa = PBXFileReference; explicitFileType = wrapper.application; includeInIndex = 0; path = VelaiaFacegram.app; sourceTree = BUILT_PRODUCTS_DIR; };
		396ABC3E1CC2957F008E4C12 /* AppDelegate.swift */ = {isa = PBXFileReference; lastKnownFileType = sourcecode.swift; path = AppDelegate.swift; sourceTree = "<group>"; };
		396ABC401CC2957F008E4C12 /* ViewController.swift */ = {isa = PBXFileReference; lastKnownFileType = sourcecode.swift; path = ViewController.swift; sourceTree = "<group>"; };
		396ABC431CC2957F008E4C12 /* Base */ = {isa = PBXFileReference; lastKnownFileType = file.storyboard; name = Base; path = Base.lproj/Main.storyboard; sourceTree = "<group>"; };
		396ABC451CC2957F008E4C12 /* Assets.xcassets */ = {isa = PBXFileReference; lastKnownFileType = folder.assetcatalog; path = Assets.xcassets; sourceTree = "<group>"; };
		396ABC481CC2957F008E4C12 /* Base */ = {isa = PBXFileReference; lastKnownFileType = file.storyboard; name = Base; path = Base.lproj/LaunchScreen.storyboard; sourceTree = "<group>"; };
		396ABC4A1CC2957F008E4C12 /* Info.plist */ = {isa = PBXFileReference; lastKnownFileType = text.plist.xml; path = Info.plist; sourceTree = "<group>"; };
/* End PBXFileReference section */

/* Begin PBXFrameworksBuildPhase section */
		396ABC381CC2957F008E4C12 /* Frameworks */ = {
			isa = PBXFrameworksBuildPhase;
			buildActionMask = 2147483647;
			files = (
			);
			runOnlyForDeploymentPostprocessing = 0;
		};
/* End PBXFrameworksBuildPhase section */

/* Begin PBXGroup section */
		396ABC321CC2957E008E4C12 = {
			isa = PBXGroup;
			children = (
				396ABC3D1CC2957F008E4C12 /* VelaiaFacegram */,
				396ABC3C1CC2957F008E4C12 /* Products */,
			);
			sourceTree = "<group>";
		};
		396ABC3C1CC2957F008E4C12 /* Products */ = {
			isa = PBXGroup;
			children = (
				396ABC3B1CC2957F008E4C12 /* VelaiaFacegram.app */,
			);
			name = Products;
			sourceTree = "<group>";
		};
		396ABC3D1CC2957F008E4C12 /* VelaiaFacegram */ = {
			isa = PBXGroup;
			children = (
				396ABC501CC29C1F008E4C12 /* View */,
				396ABC511CC29C1F008E4C12 /* Model */,
				396ABC521CC29C1F008E4C12 /* Controller */,
				396ABC3E1CC2957F008E4C12 /* AppDelegate.swift */,
				396ABC401CC2957F008E4C12 /* ViewController.swift */,
				396ABC421CC2957F008E4C12 /* Main.storyboard */,
				396ABC451CC2957F008E4C12 /* Assets.xcassets */,
				396ABC471CC2957F008E4C12 /* LaunchScreen.storyboard */,
				396ABC4A1CC2957F008E4C12 /* Info.plist */,
			);
			path = VelaiaFacegram;
			sourceTree = "<group>";
		};
		396ABC501CC29C1F008E4C12 /* View */ = {
			isa = PBXGroup;
			children = (
			);
			path = View;
			sourceTree = "<group>";
		};
		396ABC511CC29C1F008E4C12 /* Model */ = {
			isa = PBXGroup;
			children = (
			);
			path = Model;
			sourceTree = "<group>";
		};
		396ABC521CC29C1F008E4C12 /* Controller */ = {
			isa = PBXGroup;
			children = (
			);
			path = Controller;
			sourceTree = "<group>";
		};
/* End PBXGroup section */

/* Begin PBXNativeTarget section */
		396ABC3A1CC2957F008E4C12 /* VelaiaFacegram */ = {
			isa = PBXNativeTarget;
			buildConfigurationList = 396ABC4D1CC2957F008E4C12 /* Build configuration list for PBXNativeTarget "VelaiaFacegram" */;
			buildPhases = (
				396ABC371CC2957F008E4C12 /* Sources */,
				396ABC381CC2957F008E4C12 /* Frameworks */,
				396ABC391CC2957F008E4C12 /* Resources */,
			);
			buildRules = (
			);
			dependencies = (
			);
			name = VelaiaFacegram;
			productName = VelaiaFacegram;
			productReference = 396ABC3B1CC2957F008E4C12 /* VelaiaFacegram.app */;
			productType = "com.apple.product-type.application";
		};
/* End PBXNativeTarget section */

/* Begin PBXProject section */
		396ABC331CC2957E008E4C12 /* Project object */ = {
			isa = PBXProject;
			attributes = {
				LastSwiftUpdateCheck = 0730;
				LastUpgradeCheck = 0730;
				ORGANIZATIONNAME = "Daniel N Lang";
				TargetAttributes = {
					396ABC3A1CC2957F008E4C12 = {
						CreatedOnToolsVersion = 7.3;
						DevelopmentTeam = 7Y3299JNAG;
					};
				};
			};
			buildConfigurationList = 396ABC361CC2957F008E4C12 /* Build configuration list for PBXProject "VelaiaFacegram" */;
			compatibilityVersion = "Xcode 3.2";
			developmentRegion = English;
			hasScannedForEncodings = 0;
			knownRegions = (
				en,
				Base,
			);
			mainGroup = 396ABC321CC2957E008E4C12;
			productRefGroup = 396ABC3C1CC2957F008E4C12 /* Products */;
			projectDirPath = "";
			projectRoot = "";
			targets = (
				396ABC3A1CC2957F008E4C12 /* VelaiaFacegram */,
			);
		};
/* End PBXProject section */

/* Begin PBXResourcesBuildPhase section */
		396ABC391CC2957F008E4C12 /* Resources */ = {
			isa = PBXResourcesBuildPhase;
			buildActionMask = 2147483647;
			files = (
				396ABC491CC2957F008E4C12 /* LaunchScreen.storyboard in Resources */,
				396ABC461CC2957F008E4C12 /* Assets.xcassets in Resources */,
				396ABC441CC2957F008E4C12 /* Main.storyboard in Resources */,
			);
			runOnlyForDeploymentPostprocessing = 0;
		};
/* End PBXResourcesBuildPhase section */

/* Begin PBXSourcesBuildPhase section */
		396ABC371CC2957F008E4C12 /* Sources */ = {
			isa = PBXSourcesBuildPhase;
			buildActionMask = 2147483647;
			files = (
				396ABC411CC2957F008E4C12 /* ViewController.swift in Sources */,
				396ABC3F1CC2957F008E4C12 /* AppDelegate.swift in Sources */,
			);
			runOnlyForDeploymentPostprocessing = 0;
		};
/* End PBXSourcesBuildPhase section */

/* Begin PBXVariantGroup section */
		396ABC421CC2957F008E4C12 /* Main.storyboard */ = {
			isa = PBXVariantGroup;
			children = (
				396ABC431CC2957F008E4C12 /* Base */,
			);
			name = Main.storyboard;
			sourceTree = "<group>";
		};
		396ABC471CC2957F008E4C12 /* LaunchScreen.storyboard */ = {
			isa = PBXVariantGroup;
			children = (
				396ABC481CC2957F008E4C12 /* Base */,
			);
			name = LaunchScreen.storyboard;
			sourceTree = "<group>";
		};
/* End PBXVariantGroup section */

/* Begin XCBuildConfiguration section */
		396ABC4B1CC2957F008E4C12 /* Debug */ = {
			isa = XCBuildConfiguration;
			buildSettings = {
				ALWAYS_SEARCH_USER_PATHS = NO;
				CLANG_ANALYZER_NONNULL = YES;
				CLANG_CXX_LANGUAGE_STANDARD = "gnu++0x";
				CLANG_CXX_LIBRARY = "libc++";
				CLANG_ENABLE_MODULES = YES;
				CLANG_ENABLE_OBJC_ARC = YES;
				CLANG_WARN_BOOL_CONVERSION = YES;
				CLANG_WARN_CONSTANT_CONVERSION = YES;
				CLANG_WARN_DIRECT_OBJC_ISA_USAGE = YES_ERROR;
				CLANG_WARN_EMPTY_BODY = YES;
				CLANG_WARN_ENUM_CONVERSION = YES;
				CLANG_WARN_INT_CONVERSION = YES;
				CLANG_WARN_OBJC_ROOT_CLASS = YES_ERROR;
				CLANG_WARN_UNREACHABLE_CODE = YES;
				CLANG_WARN__DUPLICATE_METHOD_MATCH = YES;
				"CODE_SIGN_IDENTITY[sdk=iphoneos*]" = "iPhone Developer";
				COPY_PHASE_STRIP = NO;
				DEBUG_INFORMATION_FORMAT = dwarf;
				ENABLE_STRICT_OBJC_MSGSEND = YES;
				ENABLE_TESTABILITY = YES;
				GCC_C_LANGUAGE_STANDARD = gnu99;
				GCC_DYNAMIC_NO_PIC = NO;
				GCC_NO_COMMON_BLOCKS = YES;
				GCC_OPTIMIZATION_LEVEL = 0;
				GCC_PREPROCESSOR_DEFINITIONS = (
					"DEBUG=1",
					"$(inherited)",
				);
				GCC_WARN_64_TO_32_BIT_CONVERSION = YES;
				GCC_WARN_ABOUT_RETURN_TYPE = YES_ERROR;
				GCC_WARN_UNDECLARED_SELECTOR = YES;
				GCC_WARN_UNINITIALIZED_AUTOS = YES_AGGRESSIVE;
				GCC_WARN_UNUSED_FUNCTION = YES;
				GCC_WARN_UNUSED_VARIABLE = YES;
				IPHONEOS_DEPLOYMENT_TARGET = 9.3;
				MTL_ENABLE_DEBUG_INFO = YES;
				ONLY_ACTIVE_ARCH = YES;
				SDKROOT = iphoneos;
				SWIFT_OPTIMIZATION_LEVEL = "-Onone";
			};
			name = Debug;
		};
		396ABC4C1CC2957F008E4C12 /* Release */ = {
			isa = XCBuildConfiguration;
			buildSettings = {
				ALWAYS_SEARCH_USER_PATHS = NO;
				CLANG_ANALYZER_NONNULL = YES;
				CLANG_CXX_LANGUAGE_STANDARD = "gnu++0x";
				CLANG_CXX_LIBRARY = "libc++";
				CLANG_ENABLE_MODULES = YES;
				CLANG_ENABLE_OBJC_ARC = YES;
				CLANG_WARN_BOOL_CONVERSION = YES;
				CLANG_WARN_CONSTANT_CONVERSION = YES;
				CLANG_WARN_DIRECT_OBJC_ISA_USAGE = YES_ERROR;
				CLANG_WARN_EMPTY_BODY = YES;
				CLANG_WARN_ENUM_CONVERSION = YES;
				CLANG_WARN_INT_CONVERSION = YES;
				CLANG_WARN_OBJC_ROOT_CLASS = YES_ERROR;
				CLANG_WARN_UNREACHABLE_CODE = YES;
				CLANG_WARN__DUPLICATE_METHOD_MATCH = YES;
				"CODE_SIGN_IDENTITY[sdk=iphoneos*]" = "iPhone Developer";
				COPY_PHASE_STRIP = NO;
				DEBUG_INFORMATION_FORMAT = "dwarf-with-dsym";
				ENABLE_NS_ASSERTIONS = NO;
				ENABLE_STRICT_OBJC_MSGSEND = YES;
				GCC_C_LANGUAGE_STANDARD = gnu99;
				GCC_NO_COMMON_BLOCKS = YES;
				GCC_WARN_64_TO_32_BIT_CONVERSION = YES;
				GCC_WARN_ABOUT_RETURN_TYPE = YES_ERROR;
				GCC_WARN_UNDECLARED_SELECTOR = YES;
				GCC_WARN_UNINITIALIZED_AUTOS = YES_AGGRESSIVE;
				GCC_WARN_UNUSED_FUNCTION = YES;
				GCC_WARN_UNUSED_VARIABLE = YES;
				IPHONEOS_DEPLOYMENT_TARGET = 9.3;
				MTL_ENABLE_DEBUG_INFO = NO;
				SDKROOT = iphoneos;
				VALIDATE_PRODUCT = YES;
			};
			name = Release;
		};
		396ABC4E1CC2957F008E4C12 /* Debug */ = {
			isa = XCBuildConfiguration;
			buildSettings = {
				ASSETCATALOG_COMPILER_APPICON_NAME = AppIcon;
				CODE_SIGN_IDENTITY = "iPhone Developer";
				"CODE_SIGN_IDENTITY[sdk=iphoneos*]" = "iPhone Developer";
				INFOPLIST_FILE = VelaiaFacegram/Info.plist;
				LD_RUNPATH_SEARCH_PATHS = "$(inherited) @executable_path/Frameworks";
				PRODUCT_BUNDLE_IDENTIFIER = de.velaia.VelaiaFacegram;
				PRODUCT_NAME = "$(TARGET_NAME)";
				PROVISIONING_PROFILE = "";
			};
			name = Debug;
		};
		396ABC4F1CC2957F008E4C12 /* Release */ = {
			isa = XCBuildConfiguration;
			buildSettings = {
				ASSETCATALOG_COMPILER_APPICON_NAME = AppIcon;
				CODE_SIGN_IDENTITY = "iPhone Developer";
				"CODE_SIGN_IDENTITY[sdk=iphoneos*]" = "iPhone Developer";
				INFOPLIST_FILE = VelaiaFacegram/Info.plist;
				LD_RUNPATH_SEARCH_PATHS = "$(inherited) @executable_path/Frameworks";
				PRODUCT_BUNDLE_IDENTIFIER = de.velaia.VelaiaFacegram;
				PRODUCT_NAME = "$(TARGET_NAME)";
				PROVISIONING_PROFILE = "";
			};
			name = Release;
		};
/* End XCBuildConfiguration section */

/* Begin XCConfigurationList section */
		396ABC361CC2957F008E4C12 /* Build configuration list for PBXProject "VelaiaFacegram" */ = {
			isa = XCConfigurationList;
			buildConfigurations = (
				396ABC4B1CC2957F008E4C12 /* Debug */,
				396ABC4C1CC2957F008E4C12 /* Release */,
			);
			defaultConfigurationIsVisible = 0;
			defaultConfigurationName = Release;
		};
		396ABC4D1CC2957F008E4C12 /* Build configuration list for PBXNativeTarget "VelaiaFacegram" */ = {
			isa = XCConfigurationList;
			buildConfigurations = (
				396ABC4E1CC2957F008E4C12 /* Debug */,
				396ABC4F1CC2957F008E4C12 /* Release */,
			);
			defaultConfigurationIsVisible = 0;
		};
/* End XCConfigurationList section */
	};
	rootObject = 396ABC331CC2957E008E4C12 /* Project object */;
}
